
Microsoft Visual Studio Solution File, Format Version 12.00
# Visual Studio Version 17
VisualStudioVersion = 17.0.31903.59
MinimumVisualStudioVersion = 10.0.40219.1
Project("{FAE04EC0-301F-11D3-BF4B-00C04F79EFBC}") = "XpoSapHana", "src\XpoSapHana\XpoSapHana.csproj", "{137F2B98-B26B-4998-BC91-200BE6C56DC1}"
EndProject
Project("{FAE04EC0-301F-11D3-BF4B-00C04F79EFBC}") = "BasicSample", "samples\BasicSample\BasicSample.csproj", "{18F59450-2F2F-48E6-983B-C2AE1BB3CB45}"
EndProject
Project("{FAE04EC0-301F-11D3-BF4B-00C04F79EFBC}") = "XpoSapHana.Tests", "tests\XpoSapHana.Tests\XpoSapHana.Tests.csproj", "{A3393A31-B52D-4D0B-81C1-B98550FDC7E9}"
EndProject
Global
	GlobalSection(SolutionConfigurationPlatforms) = preSolution
		Debug|Any CPU = Debug|Any CPU
		Release|Any CPU = Release|Any CPU
	EndGlobalSection
	GlobalSection(ProjectConfigurationPlatforms) = postSolution
		{137F2B98-B26B-4998-BC91-200BE6C56DC1}.Debug|Any CPU.ActiveCfg = Debug|Any CPU
		{137F2B98-B26B-4998-BC91-200BE6C56DC1}.Debug|Any CPU.Build.0 = Debug|Any CPU
		{137F2B98-B26B-4998-BC91-200BE6C56DC1}.Release|Any CPU.ActiveCfg = Release|Any CPU
		{137F2B98-B26B-4998-BC91-200BE6C56DC1}.Release|Any CPU.Build.0 = Release|Any CPU
		{18F59450-2F2F-48E6-983B-C2AE1BB3CB45}.Debug|Any CPU.ActiveCfg = Debug|Any CPU
		{18F59450-2F2F-48E6-983B-C2AE1BB3CB45}.Debug|Any CPU.Build.0 = Debug|Any CPU
		{18F59450-2F2F-48E6-983B-C2AE1BB3CB45}.Release|Any CPU.ActiveCfg = Release|Any CPU
		{18F59450-2F2F-48E6-983B-C2AE1BB3CB45}.Release|Any CPU.Build.0 = Release|Any CPU
		{A3393A31-B52D-4D0B-81C1-B98550FDC7E9}.Debug|Any CPU.ActiveCfg = Debug|Any CPU
		{A3393A31-B52D-4D0B-81C1-B98550FDC7E9}.Debug|Any CPU.Build.0 = Debug|Any CPU
		{A3393A31-B52D-4D0B-81C1-B98550FDC7E9}.Release|Any CPU.ActiveCfg = Release|Any CPU
		{A3393A31-B52D-4D0B-81C1-B98550FDC7E9}.Release|Any CPU.Build.0 = Release|Any CPU
	EndGlobalSection
	GlobalSection(SolutionProperties) = preSolution
		HideSolutionNode = FALSE
	EndGlobalSection
EndGlobal
